
Microsoft Visual Studio Solution File, Format Version 12.00
# Visual Studio Version 17
VisualStudioVersion = 17.9.34728.123
MinimumVisualStudioVersion = 10.0.40219.1
Project("{9A19103F-16F7-4668-BE54-9A1E7A4F7556}") = "DummyDataGen", "DummyDataGen.csproj", "{7E2931C9-FF33-407C-A948-F88915AD3C82}"
EndProject
Global
	GlobalSection(SolutionConfigurationPlatforms) = preSolution
		Debug|Any CPU = Debug|Any CPU
		Release|Any CPU = Release|Any CPU
	EndGlobalSection
	GlobalSection(ProjectConfigurationPlatforms) = postSolution
		{7E2931C9-FF33-407C-A948-F88915AD3C82}.Debug|Any CPU.ActiveCfg = Debug|Any CPU
		{7E2931C9-FF33-407C-A948-F88915AD3C82}.Debug|Any CPU.Build.0 = Debug|Any CPU
		{7E2931C9-FF33-407C-A948-F88915AD3C82}.Release|Any CPU.ActiveCfg = Release|Any CPU
		{7E2931C9-FF33-407C-A948-F88915AD3C82}.Release|Any CPU.Build.0 = Release|Any CPU
	EndGlobalSection
	GlobalSection(SolutionProperties) = preSolution
		HideSolutionNode = FALSE
	EndGlobalSection
	GlobalSection(ExtensibilityGlobals) = postSolution
		SolutionGuid = {26177EED-A2CC-40A3-B97D-8FEE42556375}
	EndGlobalSection
EndGlobal
